// !$*UTF8*$!
{
	archiveVersion = 1;
	classes = {
	};
	objectVersion = 44;
	objects = {

/* Begin PBXBuildFile section */
		0E1913D60AB73C0E00ECCD13 /* MWCalibratorRecord.m in Sources */ = {isa = PBXBuildFile; fileRef = 0E1913D50AB73C0E00ECCD13 /* MWCalibratorRecord.m */; };
		0E5505030AADB81800987B47 /* MWCalibratorWindowController.m in Sources */ = {isa = PBXBuildFile; fileRef = 0E5505020AADB81800987B47 /* MWCalibratorWindowController.m */; };
		0E6DAFF40DCC792300DA90B0 /* MWCalibratorWindow.m in Sources */ = {isa = PBXBuildFile; fileRef = 0E6DAFF30DCC792300DA90B0 /* MWCalibratorWindow.m */; };
		0EABD5AA0AADC5EF00DF111C /* Main.nib in Resources */ = {isa = PBXBuildFile; fileRef = 0EABD5A90AADC5EF00DF111C /* Main.nib */; };
		0EB67A120AAE11E00034D377 /* MonkeyWorksCore.framework in Frameworks */ = {isa = PBXBuildFile; fileRef = 5CF2875F099412A7000C55A3 /* MonkeyWorksCore.framework */; };
		5CF287520994124E000C55A3 /* MonkeyWorksCocoa.framework in Frameworks */ = {isa = PBXBuildFile; fileRef = 5CF287500994124E000C55A3 /* MonkeyWorksCocoa.framework */; };
		8D5B49B0048680CD000E48DA /* InfoPlist.strings in Resources */ = {isa = PBXBuildFile; fileRef = 089C167DFE841241C02AAC07 /* InfoPlist.strings */; };
		8D5B49B4048680CD000E48DA /* Cocoa.framework in Frameworks */ = {isa = PBXBuildFile; fileRef = 1058C7ADFEA557BF11CA2CBB /* Cocoa.framework */; };
/* End PBXBuildFile section */

/* Begin PBXFileReference section */
		089C1672FE841209C02AAC07 /* Foundation.framework */ = {isa = PBXFileReference; lastKnownFileType = wrapper.framework; name = Foundation.framework; path = /System/Library/Frameworks/Foundation.framework; sourceTree = "<absolute>"; };
		089C167EFE841241C02AAC07 /* English */ = {isa = PBXFileReference; fileEncoding = 10; lastKnownFileType = text.plist.strings; name = English; path = English.lproj/InfoPlist.strings; sourceTree = "<group>"; };
		089C167FFE841241C02AAC07 /* AppKit.framework */ = {isa = PBXFileReference; lastKnownFileType = wrapper.framework; name = AppKit.framework; path = /System/Library/Frameworks/AppKit.framework; sourceTree = "<absolute>"; };
		0E1913D40AB73C0E00ECCD13 /* MWCalibratorRecord.h */ = {isa = PBXFileReference; fileEncoding = 30; lastKnownFileType = sourcecode.c.h; path = MWCalibratorRecord.h; sourceTree = "<group>"; };
		0E1913D50AB73C0E00ECCD13 /* MWCalibratorRecord.m */ = {isa = PBXFileReference; fileEncoding = 30; lastKnownFileType = sourcecode.c.objc; path = MWCalibratorRecord.m; sourceTree = "<group>"; };
		0E5504FC0AADB7EC00987B47 /* MonkeyWorksCalibratorWindow_Prefix.pch */ = {isa = PBXFileReference; fileEncoding = 30; lastKnownFileType = sourcecode.c.h; path = MonkeyWorksCalibratorWindow_Prefix.pch; sourceTree = "<group>"; };
		0E5505010AADB81800987B47 /* MWCalibratorWindowController.h */ = {isa = PBXFileReference; fileEncoding = 30; lastKnownFileType = sourcecode.c.h; path = MWCalibratorWindowController.h; sourceTree = "<group>"; };
		0E5505020AADB81800987B47 /* MWCalibratorWindowController.m */ = {isa = PBXFileReference; fileEncoding = 30; lastKnownFileType = sourcecode.c.objc; path = MWCalibratorWindowController.m; sourceTree = "<group>"; };
		0E6DAFF20DCC792300DA90B0 /* MWCalibratorWindow.h */ = {isa = PBXFileReference; fileEncoding = 4; lastKnownFileType = sourcecode.c.h; path = MWCalibratorWindow.h; sourceTree = "<group>"; };
		0E6DAFF30DCC792300DA90B0 /* MWCalibratorWindow.m */ = {isa = PBXFileReference; fileEncoding = 4; lastKnownFileType = sourcecode.c.objc; path = MWCalibratorWindow.m; sourceTree = "<group>"; };
		0EABD5A90AADC5EF00DF111C /* Main.nib */ = {isa = PBXFileReference; lastKnownFileType = wrapper.nib; path = Main.nib; sourceTree = "<group>"; };
		1058C7ADFEA557BF11CA2CBB /* Cocoa.framework */ = {isa = PBXFileReference; lastKnownFileType = wrapper.framework; name = Cocoa.framework; path = /System/Library/Frameworks/Cocoa.framework; sourceTree = "<absolute>"; };
		5CF287500994124E000C55A3 /* MonkeyWorksCocoa.framework */ = {isa = PBXFileReference; lastKnownFileType = wrapper.framework; name = MonkeyWorksCocoa.framework; path = /Library/Frameworks/MonkeyWorksCocoa.framework; sourceTree = "<absolute>"; };
		5CF2875F099412A7000C55A3 /* MonkeyWorksCore.framework */ = {isa = PBXFileReference; lastKnownFileType = wrapper.framework; name = MonkeyWorksCore.framework; path = /Library/Frameworks/MonkeyWorksCore.framework; sourceTree = "<absolute>"; };
		686092F80AC8950400978FC3 /* CalibratorWindow.bundle */ = {isa = PBXFileReference; explicitFileType = wrapper.cfbundle; includeInIndex = 0; path = CalibratorWindow.bundle; sourceTree = BUILT_PRODUCTS_DIR; };
		8D5B49B7048680CD000E48DA /* Info.plist */ = {isa = PBXFileReference; fileEncoding = 4; lastKnownFileType = text.plist.xml; path = Info.plist; sourceTree = "<group>"; };
		D2F7E65807B2D6F200F64583 /* CoreData.framework */ = {isa = PBXFileReference; lastKnownFileType = wrapper.framework; name = CoreData.framework; path = /System/Library/Frameworks/CoreData.framework; sourceTree = "<absolute>"; };
/* End PBXFileReference section */

/* Begin PBXFrameworksBuildPhase section */
		8D5B49B3048680CD000E48DA /* Frameworks */ = {
			isa = PBXFrameworksBuildPhase;
			buildActionMask = 2147483647;
			files = (
				8D5B49B4048680CD000E48DA /* Cocoa.framework in Frameworks */,
				5CF287520994124E000C55A3 /* MonkeyWorksCocoa.framework in Frameworks */,
				0EB67A120AAE11E00034D377 /* MonkeyWorksCore.framework in Frameworks */,
			);
			runOnlyForDeploymentPostprocessing = 0;
		};
/* End PBXFrameworksBuildPhase section */

/* Begin PBXGroup section */
		089C166AFE841209C02AAC07 /* MonkeyWorksRewardWindow */ = {
			isa = PBXGroup;
			children = (
				08FB77AFFE84173DC02AAC07 /* Classes */,
				32C88E010371C26100C91783 /* Other Sources */,
				089C167CFE841241C02AAC07 /* Resources */,
				089C1671FE841209C02AAC07 /* Frameworks and Libraries */,
				19C28FB8FE9D52D311CA2CBB /* Products */,
			);
			name = MonkeyWorksRewardWindow;
			sourceTree = "<group>";
		};
		089C1671FE841209C02AAC07 /* Frameworks and Libraries */ = {
			isa = PBXGroup;
			children = (
				1058C7ACFEA557BF11CA2CBB /* Linked Frameworks */,
				1058C7AEFEA557BF11CA2CBB /* Other Frameworks */,
			);
			name = "Frameworks and Libraries";
			sourceTree = "<group>";
		};
		089C167CFE841241C02AAC07 /* Resources */ = {
			isa = PBXGroup;
			children = (
				0EABD5A90AADC5EF00DF111C /* Main.nib */,
				8D5B49B7048680CD000E48DA /* Info.plist */,
				089C167DFE841241C02AAC07 /* InfoPlist.strings */,
			);
			name = Resources;
			sourceTree = "<group>";
		};
		08FB77AFFE84173DC02AAC07 /* Classes */ = {
			isa = PBXGroup;
			children = (
				0E1913D40AB73C0E00ECCD13 /* MWCalibratorRecord.h */,
				0E1913D50AB73C0E00ECCD13 /* MWCalibratorRecord.m */,
				0E5505010AADB81800987B47 /* MWCalibratorWindowController.h */,
				0E5505020AADB81800987B47 /* MWCalibratorWindowController.m */,
				0E6DAFF20DCC792300DA90B0 /* MWCalibratorWindow.h */,
				0E6DAFF30DCC792300DA90B0 /* MWCalibratorWindow.m */,
			);
			name = Classes;
			sourceTree = "<group>";
		};
		1058C7ACFEA557BF11CA2CBB /* Linked Frameworks */ = {
			isa = PBXGroup;
			children = (
				1058C7ADFEA557BF11CA2CBB /* Cocoa.framework */,
			);
			name = "Linked Frameworks";
			sourceTree = "<group>";
		};
		1058C7AEFEA557BF11CA2CBB /* Other Frameworks */ = {
			isa = PBXGroup;
			children = (
				5CF2875F099412A7000C55A3 /* MonkeyWorksCore.framework */,
				5CF287500994124E000C55A3 /* MonkeyWorksCocoa.framework */,
				089C167FFE841241C02AAC07 /* AppKit.framework */,
				D2F7E65807B2D6F200F64583 /* CoreData.framework */,
				089C1672FE841209C02AAC07 /* Foundation.framework */,
			);
			name = "Other Frameworks";
			sourceTree = "<group>";
		};
		19C28FB8FE9D52D311CA2CBB /* Products */ = {
			isa = PBXGroup;
			children = (
				686092F80AC8950400978FC3 /* CalibratorWindow.bundle */,
			);
			name = Products;
			sourceTree = "<group>";
		};
		32C88E010371C26100C91783 /* Other Sources */ = {
			isa = PBXGroup;
			children = (
				0E5504FC0AADB7EC00987B47 /* MonkeyWorksCalibratorWindow_Prefix.pch */,
			);
			name = "Other Sources";
			sourceTree = "<group>";
		};
/* End PBXGroup section */

/* Begin PBXNativeTarget section */
		8D5B49AC048680CD000E48DA /* CalibratorWindow */ = {
			isa = PBXNativeTarget;
			buildConfigurationList = 1DEB913A08733D840010E9CD /* Build configuration list for PBXNativeTarget "CalibratorWindow" */;
			buildPhases = (
				8D5B49AF048680CD000E48DA /* Resources */,
				8D5B49B1048680CD000E48DA /* Sources */,
				8D5B49B3048680CD000E48DA /* Frameworks */,
				DA1E8AF8099AD12500CDAD82 /* ShellScript */,
			);
			buildRules = (
			);
			dependencies = (
			);
			name = CalibratorWindow;
			productInstallPath = "$(HOME)/Library/Bundles";
			productName = MonkeyWorksRewardWindow;
			productReference = 686092F80AC8950400978FC3 /* CalibratorWindow.bundle */;
			productType = "com.apple.product-type.bundle";
		};
/* End PBXNativeTarget section */

/* Begin PBXProject section */
		089C1669FE841209C02AAC07 /* Project object */ = {
			isa = PBXProject;
			buildConfigurationList = 1DEB913E08733D840010E9CD /* Build configuration list for PBXProject "MonkeyWorksCalibratorWindow" */;
			compatibilityVersion = "Xcode 3.0";
			hasScannedForEncodings = 1;
			mainGroup = 089C166AFE841209C02AAC07 /* MonkeyWorksRewardWindow */;
			projectDirPath = "";
			projectRoot = "";
			targets = (
				8D5B49AC048680CD000E48DA /* CalibratorWindow */,
			);
		};
/* End PBXProject section */

/* Begin PBXResourcesBuildPhase section */
		8D5B49AF048680CD000E48DA /* Resources */ = {
			isa = PBXResourcesBuildPhase;
			buildActionMask = 2147483647;
			files = (
				8D5B49B0048680CD000E48DA /* InfoPlist.strings in Resources */,
				0EABD5AA0AADC5EF00DF111C /* Main.nib in Resources */,
			);
			runOnlyForDeploymentPostprocessing = 0;
		};
/* End PBXResourcesBuildPhase section */

/* Begin PBXShellScriptBuildPhase section */
		DA1E8AF8099AD12500CDAD82 /* ShellScript */ = {
			isa = PBXShellScriptBuildPhase;
			buildActionMask = 2147483647;
			files = (
			);
			inputPaths = (
			);
			outputPaths = (
			);
			runOnlyForDeploymentPostprocessing = 0;
			shellPath = /bin/tcsh;
			shellScript = "\nmkdir -p \"/Library/Application Support/NewClient/Plugins/\"\n# copy the framework to the proper directory\nrm -dfR \"/Library/Application Support/NewClient/Plugins/CalibratorWindow.bundle\"\necho $BUILT_PRODUCTS_DIR\ncp -Rf \"$BUILT_PRODUCTS_DIR/CalibratorWindow.bundle\" \"/Library/Application Support/NewClient/Plugins/\"\n";
		};
/* End PBXShellScriptBuildPhase section */

/* Begin PBXSourcesBuildPhase section */
		8D5B49B1048680CD000E48DA /* Sources */ = {
			isa = PBXSourcesBuildPhase;
			buildActionMask = 2147483647;
			files = (
				0E5505030AADB81800987B47 /* MWCalibratorWindowController.m in Sources */,
				0E1913D60AB73C0E00ECCD13 /* MWCalibratorRecord.m in Sources */,
				0E6DAFF40DCC792300DA90B0 /* MWCalibratorWindow.m in Sources */,
			);
			runOnlyForDeploymentPostprocessing = 0;
		};
/* End PBXSourcesBuildPhase section */

/* Begin PBXVariantGroup section */
		089C167DFE841241C02AAC07 /* InfoPlist.strings */ = {
			isa = PBXVariantGroup;
			children = (
				089C167EFE841241C02AAC07 /* English */,
			);
			name = InfoPlist.strings;
			sourceTree = "<group>";
		};
/* End PBXVariantGroup section */

/* Begin XCBuildConfiguration section */
		1DEB913B08733D840010E9CD /* Debug */ = {
			isa = XCBuildConfiguration;
			buildSettings = {
				COPY_PHASE_STRIP = NO;
				GCC_DEBUGGING_SYMBOLS = default;
				GCC_DYNAMIC_NO_PIC = NO;
				GCC_INPUT_FILETYPE = sourcecode.cpp.objcpp;
				GCC_OPTIMIZATION_LEVEL = 0;
				GCC_PRECOMPILE_PREFIX_HEADER = YES;
				GCC_PREFIX_HEADER = MonkeyWorksCalibratorWindow_Prefix.pch;
				INFOPLIST_FILE = Info.plist;
				INSTALL_PATH = "$(HOME)/Library/Bundles";
				PRODUCT_NAME = CalibratorWindow;
				WRAPPER_EXTENSION = bundle;
			};
			name = Debug;
		};
		1DEB913F08733D840010E9CD /* Debug */ = {
			isa = XCBuildConfiguration;
			buildSettings = {
				FRAMEWORK_SEARCH_PATHS = /Library/Frameworks/;
				GCC_ENABLE_OBJC_GC = supported;
				GCC_WARN_ABOUT_RETURN_TYPE = YES;
				GCC_WARN_UNUSED_VARIABLE = YES;
				HEADER_SEARCH_PATHS = /Library/MonkeyWorks/include;
				MACH_O_TYPE = mh_bundle;
				PREBINDING = NO;
			};
			name = Debug;
		};
/* End XCBuildConfiguration section */

/* Begin XCConfigurationList section */
		1DEB913A08733D840010E9CD /* Build configuration list for PBXNativeTarget "CalibratorWindow" */ = {
			isa = XCConfigurationList;
			buildConfigurations = (
				1DEB913B08733D840010E9CD /* Debug */,
			);
			defaultConfigurationIsVisible = 0;
			defaultConfigurationName = Debug;
		};
		1DEB913E08733D840010E9CD /* Build configuration list for PBXProject "MonkeyWorksCalibratorWindow" */ = {
			isa = XCConfigurationList;
			buildConfigurations = (
				1DEB913F08733D840010E9CD /* Debug */,
			);
			defaultConfigurationIsVisible = 0;
			defaultConfigurationName = Debug;
		};
/* End XCConfigurationList section */
	};
	rootObject = 089C1669FE841209C02AAC07 /* Project object */;
}
